// !$*UTF8*$!
{
	archiveVersion = 1;
	classes = {
	};
	objectVersion = 56;
	objects = {

/* Begin PBXBuildFile section */
		2C7997C62F49E7860026D294 /* SettingView.swift in Sources */ = {isa = PBXBuildFile; fileRef = 2C7997C52F49E7860026D294 /* SettingView.swift */; };
		2CED47C42F37D55C0031893B /* HskFlashApp.swift in Sources */ = {isa = PBXBuildFile; fileRef = 2CED47C32F37D55C0031893B /* HskFlashApp.swift */; };
		2CED47C62F37D55C0031893B /* ContentView.swift in Sources */ = {isa = PBXBuildFile; fileRef = 2CED47C52F37D55C0031893B /* ContentView.swift */; };
		2CED47CA2F37D55D0031893B /* Assets.xcassets in Resources */ = {isa = PBXBuildFile; fileRef = 2CED47C92F37D55D0031893B /* Assets.xcassets */; };
		2CED47CD2F37D55D0031893B /* Preview Assets.xcassets in Resources */ = {isa = PBXBuildFile; fileRef = 2CED47CC2F37D55D0031893B /* Preview Assets.xcassets */; };
		2CED47E72F37D6D60031893B /* Flashcard.swift in Sources */ = {isa = PBXBuildFile; fileRef = 2CED47E62F37D6D60031893B /* Flashcard.swift */; };
		2CED47E92F37D7940031893B /* CardImporter.swift in Sources */ = {isa = PBXBuildFile; fileRef = 2CED47E82F37D7940031893B /* CardImporter.swift */; };
		2CED47EA2F37E4900031893B /* hsk1.csv in Resources */ = {isa = PBXBuildFile; fileRef = 2CED47E02F37D67B0031893B /* hsk1.csv */; };
		2CED47EB2F37E4970031893B /* hsk2.csv in Resources */ = {isa = PBXBuildFile; fileRef = 2CED47E32F37D67B0031893B /* hsk2.csv */; };
		2CED47EC2F37E49B0031893B /* hsk3.csv in Resources */ = {isa = PBXBuildFile; fileRef = 2CED47E42F37D67B0031893B /* hsk3.csv */; };
		2CED47ED2F37E49E0031893B /* hsk4.csv in Resources */ = {isa = PBXBuildFile; fileRef = 2CED47E52F37D67B0031893B /* hsk4.csv */; };
		2CED47EE2F37E4A00031893B /* hsk5.csv in Resources */ = {isa = PBXBuildFile; fileRef = 2CED47E12F37D67B0031893B /* hsk5.csv */; };
		2CED47EF2F37E4A40031893B /* hsk6.csv in Resources */ = {isa = PBXBuildFile; fileRef = 2CED47E22F37D67B0031893B /* hsk6.csv */; };
		2CED47F12F37EF140031893B /* StudyView.swift in Sources */ = {isa = PBXBuildFile; fileRef = 2CED47F02F37EF140031893B /* StudyView.swift */; };
/* End PBXBuildFile section */

/* Begin PBXFileReference section */
		2C7997C52F49E7860026D294 /* SettingView.swift */ = {isa = PBXFileReference; lastKnownFileType = sourcecode.swift; path = SettingView.swift; sourceTree = "<group>"; };
		2CED47C02F37D55C0031893B /* HskFlash.app */ = {isa = PBXFileReference; explicitFileType = wrapper.application; includeInIndex = 0; path = HskFlash.app; sourceTree = BUILT_PRODUCTS_DIR; };
		2CED47C32F37D55C0031893B /* HskFlashApp.swift */ = {isa = PBXFileReference; lastKnownFileType = sourcecode.swift; path = HskFlashApp.swift; sourceTree = "<group>"; };
		2CED47C52F37D55C0031893B /* ContentView.swift */ = {isa = PBXFileReference; lastKnownFileType = sourcecode.swift; path = ContentView.swift; sourceTree = "<group>"; };
		2CED47C92F37D55D0031893B /* Assets.xcassets */ = {isa = PBXFileReference; lastKnownFileType = folder.assetcatalog; path = Assets.xcassets; sourceTree = "<group>"; };
		2CED47CC2F37D55D0031893B /* Preview Assets.xcassets */ = {isa = PBXFileReference; lastKnownFileType = folder.assetcatalog; path = "Preview Assets.xcassets"; sourceTree = "<group>"; };
		2CED47E02F37D67B0031893B /* hsk1.csv */ = {isa = PBXFileReference; lastKnownFileType = text; path = hsk1.csv; sourceTree = "<group>"; };
		2CED47E12F37D67B0031893B /* hsk5.csv */ = {isa = PBXFileReference; lastKnownFileType = text; path = hsk5.csv; sourceTree = "<group>"; };
		2CED47E22F37D67B0031893B /* hsk6.csv */ = {isa = PBXFileReference; lastKnownFileType = text; path = hsk6.csv; sourceTree = "<group>"; };
		2CED47E32F37D67B0031893B /* hsk2.csv */ = {isa = PBXFileReference; lastKnownFileType = text; path = hsk2.csv; sourceTree = "<group>"; };
		2CED47E42F37D67B0031893B /* hsk3.csv */ = {isa = PBXFileReference; lastKnownFileType = text; path = hsk3.csv; sourceTree = "<group>"; };
		2CED47E52F37D67B0031893B /* hsk4.csv */ = {isa = PBXFileReference; lastKnownFileType = text; path = hsk4.csv; sourceTree = "<group>"; };
		2CED47E62F37D6D60031893B /* Flashcard.swift */ = {isa = PBXFileReference; lastKnownFileType = sourcecode.swift; path = Flashcard.swift; sourceTree = "<group>"; };
		2CED47E82F37D7940031893B /* CardImporter.swift */ = {isa = PBXFileReference; lastKnownFileType = sourcecode.swift; path = CardImporter.swift; sourceTree = "<group>"; };
		2CED47F02F37EF140031893B /* StudyView.swift */ = {isa = PBXFileReference; lastKnownFileType = sourcecode.swift; path = StudyView.swift; sourceTree = "<group>"; };
/* End PBXFileReference section */

/* Begin PBXFrameworksBuildPhase section */
		2CED47BD2F37D55C0031893B /* Frameworks */ = {
			isa = PBXFrameworksBuildPhase;
			buildActionMask = 2147483647;
			files = (
			);
			runOnlyForDeploymentPostprocessing = 0;
		};
/* End PBXFrameworksBuildPhase section */

/* Begin PBXGroup section */
		2CED47B72F37D55C0031893B = {
			isa = PBXGroup;
			children = (
				2CED47C22F37D55C0031893B /* HskFlash */,
				2CED47C12F37D55C0031893B /* Products */,
			);
			sourceTree = "<group>";
		};
		2CED47C12F37D55C0031893B /* Products */ = {
			isa = PBXGroup;
			children = (
				2CED47C02F37D55C0031893B /* HskFlash.app */,
			);
			name = Products;
			sourceTree = "<group>";
		};
		2CED47C22F37D55C0031893B /* HskFlash */ = {
			isa = PBXGroup;
			children = (
				2CED47DF2F37D67B0031893B /* Resources */,
				2CED47C32F37D55C0031893B /* HskFlashApp.swift */,
				2CED47C52F37D55C0031893B /* ContentView.swift */,
				2CED47F02F37EF140031893B /* StudyView.swift */,
				2C7997C52F49E7860026D294 /* SettingView.swift */,
				2CED47C92F37D55D0031893B /* Assets.xcassets */,
				2CED47CB2F37D55D0031893B /* Preview Content */,
				2CED47E62F37D6D60031893B /* Flashcard.swift */,
				2CED47E82F37D7940031893B /* CardImporter.swift */,
			);
			path = HskFlash;
			sourceTree = "<group>";
		};
		2CED47CB2F37D55D0031893B /* Preview Content */ = {
			isa = PBXGroup;
			children = (
				2CED47CC2F37D55D0031893B /* Preview Assets.xcassets */,
			);
			path = "Preview Content";
			sourceTree = "<group>";
		};
		2CED47DF2F37D67B0031893B /* Resources */ = {
			isa = PBXGroup;
			children = (
				2CED47E02F37D67B0031893B /* hsk1.csv */,
				2CED47E32F37D67B0031893B /* hsk2.csv */,
				2CED47E42F37D67B0031893B /* hsk3.csv */,
				2CED47E52F37D67B0031893B /* hsk4.csv */,
				2CED47E12F37D67B0031893B /* hsk5.csv */,
				2CED47E22F37D67B0031893B /* hsk6.csv */,
			);
			path = Resources;
			sourceTree = "<group>";
		};
/* End PBXGroup section */

/* Begin PBXNativeTarget section */
		2CED47BF2F37D55C0031893B /* HskFlash */ = {
			isa = PBXNativeTarget;
			buildConfigurationList = 2CED47D02F37D55D0031893B /* Build configuration list for PBXNativeTarget "HskFlash" */;
			buildPhases = (
				2CED47BC2F37D55C0031893B /* Sources */,
				2CED47BD2F37D55C0031893B /* Frameworks */,
				2CED47BE2F37D55C0031893B /* Resources */,
			);
			buildRules = (
			);
			dependencies = (
			);
			name = HskFlash;
			productName = HskFlash;
			productReference = 2CED47C02F37D55C0031893B /* HskFlash.app */;
			productType = "com.apple.product-type.application";
		};
/* End PBXNativeTarget section */

/* Begin PBXProject section */
		2CED47B82F37D55C0031893B /* Project object */ = {
			isa = PBXProject;
			attributes = {
				BuildIndependentTargetsInParallel = 1;
				LastSwiftUpdateCheck = 1540;
				LastUpgradeCheck = 1540;
				TargetAttributes = {
					2CED47BF2F37D55C0031893B = {
						CreatedOnToolsVersion = 15.4;
					};
				};
			};
			buildConfigurationList = 2CED47BB2F37D55C0031893B /* Build configuration list for PBXProject "HskFlash" */;
			compatibilityVersion = "Xcode 14.0";
			developmentRegion = en;
			hasScannedForEncodings = 0;
			knownRegions = (
				en,
				Base,
			);
			mainGroup = 2CED47B72F37D55C0031893B;
			productRefGroup = 2CED47C12F37D55C0031893B /* Products */;
			projectDirPath = "";
			projectRoot = "";
			targets = (
				2CED47BF2F37D55C0031893B /* HskFlash */,
			);
		};
/* End PBXProject section */

/* Begin PBXResourcesBuildPhase section */
		2CED47BE2F37D55C0031893B /* Resources */ = {
			isa = PBXResourcesBuildPhase;
			buildActionMask = 2147483647;
			files = (
				2CED47CD2F37D55D0031893B /* Preview Assets.xcassets in Resources */,
				2CED47CA2F37D55D0031893B /* Assets.xcassets in Resources */,
				2CED47ED2F37E49E0031893B /* hsk4.csv in Resources */,
				2CED47EC2F37E49B0031893B /* hsk3.csv in Resources */,
				2CED47EB2F37E4970031893B /* hsk2.csv in Resources */,
				2CED47EE2F37E4A00031893B /* hsk5.csv in Resources */,
				2CED47EF2F37E4A40031893B /* hsk6.csv in Resources */,
				2CED47EA2F37E4900031893B /* hsk1.csv in Resources */,
			);
			runOnlyForDeploymentPostprocessing = 0;
		};
/* End PBXResourcesBuildPhase section */

/* Begin PBXSourcesBuildPhase section */
		2CED47BC2F37D55C0031893B /* Sources */ = {
			isa = PBXSourcesBuildPhase;
			buildActionMask = 2147483647;
			files = (
				2CED47C62F37D55C0031893B /* ContentView.swift in Sources */,
				2CED47E92F37D7940031893B /* CardImporter.swift in Sources */,
				2CED47E72F37D6D60031893B /* Flashcard.swift in Sources */,
				2C7997C62F49E7860026D294 /* SettingView.swift in Sources */,
				2CED47C42F37D55C0031893B /* HskFlashApp.swift in Sources */,
				2CED47F12F37EF140031893B /* StudyView.swift in Sources */,
			);
			runOnlyForDeploymentPostprocessing = 0;
		};
/* End PBXSourcesBuildPhase section */

/* Begin XCBuildConfiguration section */
		2CED47CE2F37D55D0031893B /* Debug */ = {
			isa = XCBuildConfiguration;
			buildSettings = {
				ALWAYS_SEARCH_USER_PATHS = NO;
				ASSETCATALOG_COMPILER_GENERATE_SWIFT_ASSET_SYMBOL_EXTENSIONS = YES;
				CLANG_ANALYZER_NONNULL = YES;
				CLANG_ANALYZER_NUMBER_OBJECT_CONVERSION = YES_AGGRESSIVE;
				CLANG_CXX_LANGUAGE_STANDARD = "gnu++20";
				CLANG_ENABLE_MODULES = YES;
				CLANG_ENABLE_OBJC_ARC = YES;
				CLANG_ENABLE_OBJC_WEAK = YES;
				CLANG_WARN_BLOCK_CAPTURE_AUTORELEASING = YES;
				CLANG_WARN_BOOL_CONVERSION = YES;
				CLANG_WARN_COMMA = YES;
				CLANG_WARN_CONSTANT_CONVERSION = YES;
				CLANG_WARN_DEPRECATED_OBJC_IMPLEMENTATIONS = YES;
				CLANG_WARN_DIRECT_OBJC_ISA_USAGE = YES_ERROR;
				CLANG_WARN_DOCUMENTATION_COMMENTS = YES;
				CLANG_WARN_EMPTY_BODY = YES;
				CLANG_WARN_ENUM_CONVERSION = YES;
				CLANG_WARN_INFINITE_RECURSION = YES;
				CLANG_WARN_INT_CONVERSION = YES;
				CLANG_WARN_NON_LITERAL_NULL_CONVERSION = YES;
				CLANG_WARN_OBJC_IMPLICIT_RETAIN_SELF = YES;
				CLANG_WARN_OBJC_LITERAL_CONVERSION = YES;
				CLANG_WARN_OBJC_ROOT_CLASS = YES_ERROR;
				CLANG_WARN_QUOTED_INCLUDE_IN_FRAMEWORK_HEADER = YES;
				CLANG_WARN_RANGE_LOOP_ANALYSIS = YES;
				CLANG_WARN_STRICT_PROTOTYPES = YES;
				CLANG_WARN_SUSPICIOUS_MOVE = YES;
				CLANG_WARN_UNGUARDED_AVAILABILITY = YES_AGGRESSIVE;
				CLANG_WARN_UNREACHABLE_CODE = YES;
				CLANG_WARN__DUPLICATE_METHOD_MATCH = YES;
				COPY_PHASE_STRIP = NO;
				DEBUG_INFORMATION_FORMAT = dwarf;
				ENABLE_STRICT_OBJC_MSGSEND = YES;
				ENABLE_TESTABILITY = YES;
				ENABLE_USER_SCRIPT_SANDBOXING = YES;
				GCC_C_LANGUAGE_STANDARD = gnu17;
				GCC_DYNAMIC_NO_PIC = NO;
				GCC_NO_COMMON_BLOCKS = YES;
				GCC_OPTIMIZATION_LEVEL = 0;
				GCC_PREPROCESSOR_DEFINITIONS = (
					"DEBUG=1",
					"$(inherited)",
				);
				GCC_WARN_64_TO_32_BIT_CONVERSION = YES;
				GCC_WARN_ABOUT_RETURN_TYPE = YES_ERROR;
				GCC_WARN_UNDECLARED_SELECTOR = YES;
				GCC_WARN_UNINITIALIZED_AUTOS = YES_AGGRESSIVE;
				GCC_WARN_UNUSED_FUNCTION = YES;
				GCC_WARN_UNUSED_VARIABLE = YES;
				IPHONEOS_DEPLOYMENT_TARGET = 17.5;
				LOCALIZATION_PREFERS_STRING_CATALOGS = YES;
				MTL_ENABLE_DEBUG_INFO = INCLUDE_SOURCE;
				MTL_FAST_MATH = YES;
				ONLY_ACTIVE_ARCH = YES;
				SDKROOT = iphoneos;
				SWIFT_ACTIVE_COMPILATION_CONDITIONS = "DEBUG $(inherited)";
				SWIFT_OPTIMIZATION_LEVEL = "-Onone";
			};
			name = Debug;
		};
		2CED47CF2F37D55D0031893B /* Release */ = {
			isa = XCBuildConfiguration;
			buildSettings = {
				ALWAYS_SEARCH_USER_PATHS = NO;
				ASSETCATALOG_COMPILER_GENERATE_SWIFT_ASSET_SYMBOL_EXTENSIONS = YES;
				CLANG_ANALYZER_NONNULL = YES;
				CLANG_ANALYZER_NUMBER_OBJECT_CONVERSION = YES_AGGRESSIVE;
				CLANG_CXX_LANGUAGE_STANDARD = "gnu++20";
				CLANG_ENABLE_MODULES = YES;
				CLANG_ENABLE_OBJC_ARC = YES;
				CLANG_ENABLE_OBJC_WEAK = YES;
				CLANG_WARN_BLOCK_CAPTURE_AUTORELEASING = YES;
				CLANG_WARN_BOOL_CONVERSION = YES;
				CLANG_WARN_COMMA = YES;
				CLANG_WARN_CONSTANT_CONVERSION = YES;
				CLANG_WARN_DEPRECATED_OBJC_IMPLEMENTATIONS = YES;
				CLANG_WARN_DIRECT_OBJC_ISA_USAGE = YES_ERROR;
				CLANG_WARN_DOCUMENTATION_COMMENTS = YES;
				CLANG_WARN_EMPTY_BODY = YES;
				CLANG_WARN_ENUM_CONVERSION = YES;
				CLANG_WARN_INFINITE_RECURSION = YES;
				CLANG_WARN_INT_CONVERSION = YES;
				CLANG_WARN_NON_LITERAL_NULL_CONVERSION = YES;
				CLANG_WARN_OBJC_IMPLICIT_RETAIN_SELF = YES;
				CLANG_WARN_OBJC_LITERAL_CONVERSION = YES;
				CLANG_WARN_OBJC_ROOT_CLASS = YES_ERROR;
				CLANG_WARN_QUOTED_INCLUDE_IN_FRAMEWORK_HEADER = YES;
				CLANG_WARN_RANGE_LOOP_ANALYSIS = YES;
				CLANG_WARN_STRICT_PROTOTYPES = YES;
				CLANG_WARN_SUSPICIOUS_MOVE = YES;
				CLANG_WARN_UNGUARDED_AVAILABILITY = YES_AGGRESSIVE;
				CLANG_WARN_UNREACHABLE_CODE = YES;
				CLANG_WARN__DUPLICATE_METHOD_MATCH = YES;
				COPY_PHASE_STRIP = NO;
				DEBUG_INFORMATION_FORMAT = "dwarf-with-dsym";
				ENABLE_NS_ASSERTIONS = NO;
				ENABLE_STRICT_OBJC_MSGSEND = YES;
				ENABLE_USER_SCRIPT_SANDBOXING = YES;
				GCC_C_LANGUAGE_STANDARD = gnu17;
				GCC_NO_COMMON_BLOCKS = YES;
				GCC_WARN_64_TO_32_BIT_CONVERSION = YES;
				GCC_WARN_ABOUT_RETURN_TYPE = YES_ERROR;
				GCC_WARN_UNDECLARED_SELECTOR = YES;
				GCC_WARN_UNINITIALIZED_AUTOS = YES_AGGRESSIVE;
				GCC_WARN_UNUSED_FUNCTION = YES;
				GCC_WARN_UNUSED_VARIABLE = YES;
				IPHONEOS_DEPLOYMENT_TARGET = 17.5;
				LOCALIZATION_PREFERS_STRING_CATALOGS = YES;
				MTL_ENABLE_DEBUG_INFO = NO;
				MTL_FAST_MATH = YES;
				SDKROOT = iphoneos;
				SWIFT_COMPILATION_MODE = wholemodule;
				VALIDATE_PRODUCT = YES;
			};
			name = Release;
		};
		2CED47D12F37D55D0031893B /* Debug */ = {
			isa = XCBuildConfiguration;
			buildSettings = {
				ASSETCATALOG_COMPILER_APPICON_NAME = AppIcon;
				ASSETCATALOG_COMPILER_GLOBAL_ACCENT_COLOR_NAME = AccentColor;
				CODE_SIGN_STYLE = Automatic;
				CURRENT_PROJECT_VERSION = 1;
				DEVELOPMENT_ASSET_PATHS = "\"HskFlash/Preview Content\"";
				ENABLE_PREVIEWS = YES;
				GENERATE_INFOPLIST_FILE = YES;
				INFOPLIST_KEY_UIApplicationSceneManifest_Generation = YES;
				INFOPLIST_KEY_UIApplicationSupportsIndirectInputEvents = YES;
				INFOPLIST_KEY_UILaunchScreen_Generation = YES;
				INFOPLIST_KEY_UISupportedInterfaceOrientations_iPad = "UIInterfaceOrientationPortrait UIInterfaceOrientationPortraitUpsideDown UIInterfaceOrientationLandscapeLeft UIInterfaceOrientationLandscapeRight";
				INFOPLIST_KEY_UISupportedInterfaceOrientations_iPhone = "UIInterfaceOrientationPortrait UIInterfaceOrientationLandscapeLeft UIInterfaceOrientationLandscapeRight";
				LD_RUNPATH_SEARCH_PATHS = (
					"$(inherited)",
					"@executable_path/Frameworks",
				);
				MARKETING_VERSION = 1.0;
				PRODUCT_BUNDLE_IDENTIFIER = com.ivan.HskFlash;
				PRODUCT_NAME = "$(TARGET_NAME)";
				SWIFT_EMIT_LOC_STRINGS = YES;
				SWIFT_VERSION = 5.0;
				TARGETED_DEVICE_FAMILY = "1,2";
			};
			name = Debug;
		};
		2CED47D22F37D55D0031893B /* Release */ = {
			isa = XCBuildConfiguration;
			buildSettings = {
				ASSETCATALOG_COMPILER_APPICON_NAME = AppIcon;
				ASSETCATALOG_COMPILER_GLOBAL_ACCENT_COLOR_NAME = AccentColor;
				CODE_SIGN_STYLE = Automatic;
				CURRENT_PROJECT_VERSION = 1;
				DEVELOPMENT_ASSET_PATHS = "\"HskFlash/Preview Content\"";
				ENABLE_PREVIEWS = YES;
				GENERATE_INFOPLIST_FILE = YES;
				INFOPLIST_KEY_UIApplicationSceneManifest_Generation = YES;
				INFOPLIST_KEY_UIApplicationSupportsIndirectInputEvents = YES;
				INFOPLIST_KEY_UILaunchScreen_Generation = YES;
				INFOPLIST_KEY_UISupportedInterfaceOrientations_iPad = "UIInterfaceOrientationPortrait UIInterfaceOrientationPortraitUpsideDown UIInterfaceOrientationLandscapeLeft UIInterfaceOrientationLandscapeRight";
				INFOPLIST_KEY_UISupportedInterfaceOrientations_iPhone = "UIInterfaceOrientationPortrait UIInterfaceOrientationLandscapeLeft UIInterfaceOrientationLandscapeRight";
				LD_RUNPATH_SEARCH_PATHS = (
					"$(inherited)",
					"@executable_path/Frameworks",
				);
				MARKETING_VERSION = 1.0;
				PRODUCT_BUNDLE_IDENTIFIER = com.ivan.HskFlash;
				PRODUCT_NAME = "$(TARGET_NAME)";
				SWIFT_EMIT_LOC_STRINGS = YES;
				SWIFT_VERSION = 5.0;
				TARGETED_DEVICE_FAMILY = "1,2";
			};
			name = Release;
		};
/* End XCBuildConfiguration section */

/* Begin XCConfigurationList section */
		2CED47BB2F37D55C0031893B /* Build configuration list for PBXProject "HskFlash" */ = {
			isa = XCConfigurationList;
			buildConfigurations = (
				2CED47CE2F37D55D0031893B /* Debug */,
				2CED47CF2F37D55D0031893B /* Release */,
			);
			defaultConfigurationIsVisible = 0;
			defaultConfigurationName = Release;
		};
		2CED47D02F37D55D0031893B /* Build configuration list for PBXNativeTarget "HskFlash" */ = {
			isa = XCConfigurationList;
			buildConfigurations = (
				2CED47D12F37D55D0031893B /* Debug */,
				2CED47D22F37D55D0031893B /* Release */,
			);
			defaultConfigurationIsVisible = 0;
			defaultConfigurationName = Release;
		};
/* End XCConfigurationList section */
	};
	rootObject = 2CED47B82F37D55C0031893B /* Project object */;
}
